Microsoft Visual Studio Solution File, Format Version 12.00
# Visual Studio 15
VisualStudioVersion = 15.0.25807.0
MinimumVisualStudioVersion = 10.0.40219.1
Project("{2150E333-8FDC-42A3-9474-1A3956D46DE8}") = "Engine", "Engine", "{6FF02460-51FB-4111-A6A4-FA6CC46D4A18}"
EndProject
Project("{2150E333-8FDC-42A3-9474-1A3956D46DE8}") = "Games", "Games", "{3F3EC937-E99F-462C-A6C3-4CFC1A63EBE4}"
EndProject
Project("{8BC9CEB8-8B4A-11D0-8D11-00A0C91BC942}") = "UE4", "Intermediate\ProjectFiles\UE4.vcxproj", "{30BD25E4-CB8E-42D9-BA15-CCE0EE758EF2}"
EndProject
Project("{8BC9CEB8-8B4A-11D0-8D11-00A0C91BC942}") = "BuilidingEscape", "Intermediate\ProjectFiles\BuilidingEscape.vcxproj", "{7E8FA5D1-483E-476A-A7BA-E8D11396BFDD}"
EndProject
Project("{2150E333-8FDC-42A3-9474-1A3956D46DE8}") = "Visualizers", "Visualizers", "{A84C42C7-AD73-4E83-B071-9C0B2C8A0897}"
	ProjectSection(SolutionItems) = preProject
		..\..\..\..\..\..\..\Program Files\Epic Games\UE_4.21\Engine\Extras\VisualStudioDebugging\UE4.natvis = ..\..\..\..\..\..\..\Program Files\Epic Games\UE_4.21\Engine\Extras\VisualStudioDebugging\UE4.natvis
	EndProjectSection
EndProject
Global
	GlobalSection(SolutionConfigurationPlatforms) = preSolution
		DebugGame Editor|HTML5 = DebugGame Editor|HTML5
		DebugGame Editor|Win32 = DebugGame Editor|Win32
		DebugGame Editor|Win64 = DebugGame Editor|Win64
		DebugGame|HTML5 = DebugGame|HTML5
		DebugGame|Win32 = DebugGame|Win32
		DebugGame|Win64 = DebugGame|Win64
		Development Editor|HTML5 = Development Editor|HTML5
		Development Editor|Win32 = Development Editor|Win32
		Development Editor|Win64 = Development Editor|Win64
		Development|HTML5 = Development|HTML5
		Development|Win32 = Development|Win32
		Development|Win64 = Development|Win64
		Shipping|HTML5 = Shipping|HTML5
		Shipping|Win32 = Shipping|Win32
		Shipping|Win64 = Shipping|Win64
	EndGlobalSection
	GlobalSection(ProjectConfigurationPlatforms) = postSolution
		{30BD25E4-CB8E-42D9-BA15-CCE0EE758EF2}.DebugGame Editor|HTML5.ActiveCfg = BuiltWithUnrealBuildTool|Win32
		{30BD25E4-CB8E-42D9-BA15-CCE0EE758EF2}.DebugGame Editor|Win32.ActiveCfg = BuiltWithUnrealBuildTool|Win32
		{30BD25E4-CB8E-42D9-BA15-CCE0EE758EF2}.DebugGame Editor|Win64.ActiveCfg = BuiltWithUnrealBuildTool|Win32
		{30BD25E4-CB8E-42D9-BA15-CCE0EE758EF2}.DebugGame|HTML5.ActiveCfg = BuiltWithUnrealBuildTool|Win32
		{30BD25E4-CB8E-42D9-BA15-CCE0EE758EF2}.DebugGame|Win32.ActiveCfg = BuiltWithUnrealBuildTool|Win32
		{30BD25E4-CB8E-42D9-BA15-CCE0EE758EF2}.DebugGame|Win64.ActiveCfg = BuiltWithUnrealBuildTool|Win32
		{30BD25E4-CB8E-42D9-BA15-CCE0EE758EF2}.Development Editor|HTML5.ActiveCfg = BuiltWithUnrealBuildTool|Win32
		{30BD25E4-CB8E-42D9-BA15-CCE0EE758EF2}.Development Editor|Win32.ActiveCfg = BuiltWithUnrealBuildTool|Win32
		{30BD25E4-CB8E-42D9-BA15-CCE0EE758EF2}.Development Editor|Win64.ActiveCfg = BuiltWithUnrealBuildTool|Win32
		{30BD25E4-CB8E-42D9-BA15-CCE0EE758EF2}.Development|HTML5.ActiveCfg = BuiltWithUnrealBuildTool|Win32
		{30BD25E4-CB8E-42D9-BA15-CCE0EE758EF2}.Development|Win32.ActiveCfg = BuiltWithUnrealBuildTool|Win32
		{30BD25E4-CB8E-42D9-BA15-CCE0EE758EF2}.Development|Win64.ActiveCfg = BuiltWithUnrealBuildTool|Win32
		{30BD25E4-CB8E-42D9-BA15-CCE0EE758EF2}.Shipping|HTML5.ActiveCfg = BuiltWithUnrealBuildTool|Win32
		{30BD25E4-CB8E-42D9-BA15-CCE0EE758EF2}.Shipping|Win32.ActiveCfg = BuiltWithUnrealBuildTool|Win32
		{30BD25E4-CB8E-42D9-BA15-CCE0EE758EF2}.Shipping|Win64.ActiveCfg = BuiltWithUnrealBuildTool|Win32
		{7E8FA5D1-483E-476A-A7BA-E8D11396BFDD}.DebugGame Editor|HTML5.ActiveCfg = Invalid|Win32
		{7E8FA5D1-483E-476A-A7BA-E8D11396BFDD}.DebugGame Editor|Win32.ActiveCfg = Invalid|Win32
		{7E8FA5D1-483E-476A-A7BA-E8D11396BFDD}.DebugGame Editor|Win64.ActiveCfg = DebugGame_Editor|x64
		{7E8FA5D1-483E-476A-A7BA-E8D11396BFDD}.DebugGame Editor|Win64.Build.0 = DebugGame_Editor|x64
		{7E8FA5D1-483E-476A-A7BA-E8D11396BFDD}.DebugGame|HTML5.ActiveCfg = HTML5_DebugGame|Win32
		{7E8FA5D1-483E-476A-A7BA-E8D11396BFDD}.DebugGame|HTML5.Build.0 = HTML5_DebugGame|Win32
		{7E8FA5D1-483E-476A-A7BA-E8D11396BFDD}.DebugGame|Win32.ActiveCfg = DebugGame|Win32
		{7E8FA5D1-483E-476A-A7BA-E8D11396BFDD}.DebugGame|Win32.Build.0 = DebugGame|Win32
		{7E8FA5D1-483E-476A-A7BA-E8D11396BFDD}.DebugGame|Win64.ActiveCfg = DebugGame|x64
		{7E8FA5D1-483E-476A-A7BA-E8D11396BFDD}.DebugGame|Win64.Build.0 = DebugGame|x64
		{7E8FA5D1-483E-476A-A7BA-E8D11396BFDD}.Development Editor|HTML5.ActiveCfg = Invalid|Win32
		{7E8FA5D1-483E-476A-A7BA-E8D11396BFDD}.Development Editor|Win32.ActiveCfg = Invalid|Win32
		{7E8FA5D1-483E-476A-A7BA-E8D11396BFDD}.Development Editor|Win64.ActiveCfg = Development_Editor|x64
		{7E8FA5D1-483E-476A-A7BA-E8D11396BFDD}.Development Editor|Win64.Build.0 = Development_Editor|x64
		{7E8FA5D1-483E-476A-A7BA-E8D11396BFDD}.Development|HTML5.ActiveCfg = HTML5_Development|Win32
		{7E8FA5D1-483E-476A-A7BA-E8D11396BFDD}.Development|HTML5.Build.0 = HTML5_Development|Win32
		{7E8FA5D1-483E-476A-A7BA-E8D11396BFDD}.Development|Win32.ActiveCfg = Development|Win32
		{7E8FA5D1-483E-476A-A7BA-E8D11396BFDD}.Development|Win32.Build.0 = Development|Win32
		{7E8FA5D1-483E-476A-A7BA-E8D11396BFDD}.Development|Win64.ActiveCfg = Development|x64
		{7E8FA5D1-483E-476A-A7BA-E8D11396BFDD}.Development|Win64.Build.0 = Development|x64
		{7E8FA5D1-483E-476A-A7BA-E8D11396BFDD}.Shipping|HTML5.ActiveCfg = HTML5_Shipping|Win32
		{7E8FA5D1-483E-476A-A7BA-E8D11396BFDD}.Shipping|HTML5.Build.0 = HTML5_Shipping|Win32
		{7E8FA5D1-483E-476A-A7BA-E8D11396BFDD}.Shipping|Win32.ActiveCfg = Shipping|Win32
		{7E8FA5D1-483E-476A-A7BA-E8D11396BFDD}.Shipping|Win32.Build.0 = Shipping|Win32
		{7E8FA5D1-483E-476A-A7BA-E8D11396BFDD}.Shipping|Win64.ActiveCfg = Shipping|x64
		{7E8FA5D1-483E-476A-A7BA-E8D11396BFDD}.Shipping|Win64.Build.0 = Shipping|x64
	EndGlobalSection
	GlobalSection(SolutionProperties) = preSolution
		HideSolutionNode = FALSE
	EndGlobalSection
	GlobalSection(NestedProjects) = preSolution
		{30BD25E4-CB8E-42D9-BA15-CCE0EE758EF2} = {6FF02460-51FB-4111-A6A4-FA6CC46D4A18}
		{7E8FA5D1-483E-476A-A7BA-E8D11396BFDD} = {3F3EC937-E99F-462C-A6C3-4CFC1A63EBE4}
		{7E8FA5D1-483E-476A-A7BA-E8D11396BFDD} = {3F3EC937-E99F-462C-A6C3-4CFC1A63EBE4}
	EndGlobalSection
EndGlobal
